// !$*UTF8*$!
{
	archiveVersion = 1;
	classes = {
	};
	objectVersion = 50;
	objects = {

/* Begin PBXBuildFile section */
		7002203826E7CC2900C4BBE1 /* Student-Response.swift in Sources */ = {isa = PBXBuildFile; fileRef = 7002203726E7CC2900C4BBE1 /* Student-Response.swift */; };
		7005C9C026E69066003212A0 /* AppDelegate.swift in Sources */ = {isa = PBXBuildFile; fileRef = 7005C9BF26E69066003212A0 /* AppDelegate.swift */; };
		7005C9C226E69066003212A0 /* SceneDelegate.swift in Sources */ = {isa = PBXBuildFile; fileRef = 7005C9C126E69066003212A0 /* SceneDelegate.swift */; };
		7005C9C426E69066003212A0 /* LoginViewController.swift in Sources */ = {isa = PBXBuildFile; fileRef = 7005C9C326E69066003212A0 /* LoginViewController.swift */; };
		7005C9C726E69066003212A0 /* Main.storyboard in Resources */ = {isa = PBXBuildFile; fileRef = 7005C9C526E69066003212A0 /* Main.storyboard */; };
		7005C9C926E69068003212A0 /* Assets.xcassets in Resources */ = {isa = PBXBuildFile; fileRef = 7005C9C826E69068003212A0 /* Assets.xcassets */; };
		7005C9CC26E69068003212A0 /* LaunchScreen.storyboard in Resources */ = {isa = PBXBuildFile; fileRef = 7005C9CA26E69068003212A0 /* LaunchScreen.storyboard */; };
		7005C9D726E690E4003212A0 /* PostSessionRequest.swift in Sources */ = {isa = PBXBuildFile; fileRef = 7005C9D626E690E4003212A0 /* PostSessionRequest.swift */; };
		7005C9DA26E69358003212A0 /* UdacityClient.swift in Sources */ = {isa = PBXBuildFile; fileRef = 7005C9D926E69358003212A0 /* UdacityClient.swift */; };
		7005C9DC26E69BFB003212A0 /* PostSessionResponse.swift in Sources */ = {isa = PBXBuildFile; fileRef = 7005C9DB26E69BFB003212A0 /* PostSessionResponse.swift */; };
		706E1BFA26E6D24700E8A42F /* ViewController+HelperExt.swift in Sources */ = {isa = PBXBuildFile; fileRef = 706E1BF926E6D24700E8A42F /* ViewController+HelperExt.swift */; };
		706E1BFC26E6D2C700E8A42F /* MapViewController.swift in Sources */ = {isa = PBXBuildFile; fileRef = 706E1BFB26E6D2C700E8A42F /* MapViewController.swift */; };
		706E1BFE26E6D2DA00E8A42F /* ListViewController.swift in Sources */ = {isa = PBXBuildFile; fileRef = 706E1BFD26E6D2DA00E8A42F /* ListViewController.swift */; };
/* End PBXBuildFile section */

/* Begin PBXFileReference section */
		7002203726E7CC2900C4BBE1 /* Student-Response.swift */ = {isa = PBXFileReference; lastKnownFileType = sourcecode.swift; path = "Student-Response.swift"; sourceTree = "<group>"; };
		7005C9BC26E69066003212A0 /* OnTheMap.app */ = {isa = PBXFileReference; explicitFileType = wrapper.application; includeInIndex = 0; path = OnTheMap.app; sourceTree = BUILT_PRODUCTS_DIR; };
		7005C9BF26E69066003212A0 /* AppDelegate.swift */ = {isa = PBXFileReference; lastKnownFileType = sourcecode.swift; path = AppDelegate.swift; sourceTree = "<group>"; };
		7005C9C126E69066003212A0 /* SceneDelegate.swift */ = {isa = PBXFileReference; lastKnownFileType = sourcecode.swift; path = SceneDelegate.swift; sourceTree = "<group>"; };
		7005C9C326E69066003212A0 /* LoginViewController.swift */ = {isa = PBXFileReference; lastKnownFileType = sourcecode.swift; path = LoginViewController.swift; sourceTree = "<group>"; };
		7005C9C626E69066003212A0 /* Base */ = {isa = PBXFileReference; lastKnownFileType = file.storyboard; name = Base; path = Base.lproj/Main.storyboard; sourceTree = "<group>"; };
		7005C9C826E69068003212A0 /* Assets.xcassets */ = {isa = PBXFileReference; lastKnownFileType = folder.assetcatalog; path = Assets.xcassets; sourceTree = "<group>"; };
		7005C9CB26E69068003212A0 /* Base */ = {isa = PBXFileReference; lastKnownFileType = file.storyboard; name = Base; path = Base.lproj/LaunchScreen.storyboard; sourceTree = "<group>"; };
		7005C9CD26E69068003212A0 /* Info.plist */ = {isa = PBXFileReference; lastKnownFileType = text.plist.xml; path = Info.plist; sourceTree = "<group>"; };
		7005C9D626E690E4003212A0 /* PostSessionRequest.swift */ = {isa = PBXFileReference; lastKnownFileType = sourcecode.swift; path = PostSessionRequest.swift; sourceTree = "<group>"; };
		7005C9D926E69358003212A0 /* UdacityClient.swift */ = {isa = PBXFileReference; lastKnownFileType = sourcecode.swift; path = UdacityClient.swift; sourceTree = "<group>"; };
		7005C9DB26E69BFB003212A0 /* PostSessionResponse.swift */ = {isa = PBXFileReference; lastKnownFileType = sourcecode.swift; path = PostSessionResponse.swift; sourceTree = "<group>"; };
		706E1BF926E6D24700E8A42F /* ViewController+HelperExt.swift */ = {isa = PBXFileReference; lastKnownFileType = sourcecode.swift; path = "ViewController+HelperExt.swift"; sourceTree = "<group>"; };
		706E1BFB26E6D2C700E8A42F /* MapViewController.swift */ = {isa = PBXFileReference; lastKnownFileType = sourcecode.swift; path = MapViewController.swift; sourceTree = "<group>"; };
		706E1BFD26E6D2DA00E8A42F /* ListViewController.swift */ = {isa = PBXFileReference; lastKnownFileType = sourcecode.swift; path = ListViewController.swift; sourceTree = "<group>"; };
/* End PBXFileReference section */

/* Begin PBXFrameworksBuildPhase section */
		7005C9B926E69066003212A0 /* Frameworks */ = {
			isa = PBXFrameworksBuildPhase;
			buildActionMask = 2147483647;
			files = (
			);
			runOnlyForDeploymentPostprocessing = 0;
		};
/* End PBXFrameworksBuildPhase section */

/* Begin PBXGroup section */
		7005C9B326E69066003212A0 = {
			isa = PBXGroup;
			children = (
				7005C9BE26E69066003212A0 /* OnTheMap */,
				7005C9BD26E69066003212A0 /* Products */,
			);
			sourceTree = "<group>";
		};
		7005C9BD26E69066003212A0 /* Products */ = {
			isa = PBXGroup;
			children = (
				7005C9BC26E69066003212A0 /* OnTheMap.app */,
			);
			name = Products;
			sourceTree = "<group>";
		};
		7005C9BE26E69066003212A0 /* OnTheMap */ = {
			isa = PBXGroup;
			children = (
				7005C9D326E6909F003212A0 /* Networking */,
				7005C9BF26E69066003212A0 /* AppDelegate.swift */,
				7005C9C126E69066003212A0 /* SceneDelegate.swift */,
				706E1BF826E6D1E300E8A42F /* Controller */,
				7005C9C526E69066003212A0 /* Main.storyboard */,
				7005C9C826E69068003212A0 /* Assets.xcassets */,
				7005C9CA26E69068003212A0 /* LaunchScreen.storyboard */,
				7005C9CD26E69068003212A0 /* Info.plist */,
			);
			path = OnTheMap;
			sourceTree = "<group>";
		};
		7005C9D326E6909F003212A0 /* Networking */ = {
			isa = PBXGroup;
			children = (
				7005C9D926E69358003212A0 /* UdacityClient.swift */,
				7005C9D426E690AE003212A0 /* Request */,
				7005C9D526E690BB003212A0 /* Response */,
			);
			path = Networking;
			sourceTree = "<group>";
		};
		7005C9D426E690AE003212A0 /* Request */ = {
			isa = PBXGroup;
			children = (
				7005C9D626E690E4003212A0 /* PostSessionRequest.swift */,
			);
			path = Request;
			sourceTree = "<group>";
		};
		7005C9D526E690BB003212A0 /* Response */ = {
			isa = PBXGroup;
			children = (
				7005C9DB26E69BFB003212A0 /* PostSessionResponse.swift */,
				7002203726E7CC2900C4BBE1 /* Student-Response.swift */,
			);
			path = Response;
			sourceTree = "<group>";
		};
		706E1BF826E6D1E300E8A42F /* Controller */ = {
			isa = PBXGroup;
			children = (
				7005C9C326E69066003212A0 /* LoginViewController.swift */,
				706E1BF926E6D24700E8A42F /* ViewController+HelperExt.swift */,
				706E1BFB26E6D2C700E8A42F /* MapViewController.swift */,
				706E1BFD26E6D2DA00E8A42F /* ListViewController.swift */,
			);
			path = Controller;
			sourceTree = "<group>";
		};
/* End PBXGroup section */

/* Begin PBXNativeTarget section */
		7005C9BB26E69066003212A0 /* OnTheMap */ = {
			isa = PBXNativeTarget;
			buildConfigurationList = 7005C9D026E69068003212A0 /* Build configuration list for PBXNativeTarget "OnTheMap" */;
			buildPhases = (
				7005C9B826E69066003212A0 /* Sources */,
				7005C9B926E69066003212A0 /* Frameworks */,
				7005C9BA26E69066003212A0 /* Resources */,
			);
			buildRules = (
			);
			dependencies = (
			);
			name = OnTheMap;
			productName = OnTheMap;
			productReference = 7005C9BC26E69066003212A0 /* OnTheMap.app */;
			productType = "com.apple.product-type.application";
		};
/* End PBXNativeTarget section */

/* Begin PBXProject section */
		7005C9B426E69066003212A0 /* Project object */ = {
			isa = PBXProject;
			attributes = {
				LastSwiftUpdateCheck = 1250;
				LastUpgradeCheck = 1250;
				TargetAttributes = {
					7005C9BB26E69066003212A0 = {
						CreatedOnToolsVersion = 12.5.1;
					};
				};
			};
			buildConfigurationList = 7005C9B726E69066003212A0 /* Build configuration list for PBXProject "OnTheMap" */;
			compatibilityVersion = "Xcode 9.3";
			developmentRegion = en;
			hasScannedForEncodings = 0;
			knownRegions = (
				en,
				Base,
			);
			mainGroup = 7005C9B326E69066003212A0;
			productRefGroup = 7005C9BD26E69066003212A0 /* Products */;
			projectDirPath = "";
			projectRoot = "";
			targets = (
				7005C9BB26E69066003212A0 /* OnTheMap */,
			);
		};
/* End PBXProject section */

/* Begin PBXResourcesBuildPhase section */
		7005C9BA26E69066003212A0 /* Resources */ = {
			isa = PBXResourcesBuildPhase;
			buildActionMask = 2147483647;
			files = (
				7005C9CC26E69068003212A0 /* LaunchScreen.storyboard in Resources */,
				7005C9C926E69068003212A0 /* Assets.xcassets in Resources */,
				7005C9C726E69066003212A0 /* Main.storyboard in Resources */,
			);
			runOnlyForDeploymentPostprocessing = 0;
		};
/* End PBXResourcesBuildPhase section */

/* Begin PBXSourcesBuildPhase section */
		7005C9B826E69066003212A0 /* Sources */ = {
			isa = PBXSourcesBuildPhase;
			buildActionMask = 2147483647;
			files = (
				7005C9DA26E69358003212A0 /* UdacityClient.swift in Sources */,
				7005C9C426E69066003212A0 /* LoginViewController.swift in Sources */,
				7005C9C026E69066003212A0 /* AppDelegate.swift in Sources */,
				7002203826E7CC2900C4BBE1 /* Student-Response.swift in Sources */,
				706E1BFA26E6D24700E8A42F /* ViewController+HelperExt.swift in Sources */,
				7005C9D726E690E4003212A0 /* PostSessionRequest.swift in Sources */,
				706E1BFE26E6D2DA00E8A42F /* ListViewController.swift in Sources */,
				7005C9C226E69066003212A0 /* SceneDelegate.swift in Sources */,
				7005C9DC26E69BFB003212A0 /* PostSessionResponse.swift in Sources */,
				706E1BFC26E6D2C700E8A42F /* MapViewController.swift in Sources */,
			);
			runOnlyForDeploymentPostprocessing = 0;
		};
/* End PBXSourcesBuildPhase section */

/* Begin PBXVariantGroup section */
		7005C9C526E69066003212A0 /* Main.storyboard */ = {
			isa = PBXVariantGroup;
			children = (
				7005C9C626E69066003212A0 /* Base */,
			);
			name = Main.storyboard;
			sourceTree = "<group>";
		};
		7005C9CA26E69068003212A0 /* LaunchScreen.storyboard */ = {
			isa = PBXVariantGroup;
			children = (
				7005C9CB26E69068003212A0 /* Base */,
			);
			name = LaunchScreen.storyboard;
			sourceTree = "<group>";
		};
/* End PBXVariantGroup section */

/* Begin XCBuildConfiguration section */
		7005C9CE26E69068003212A0 /* Debug */ = {
			isa = XCBuildConfiguration;
			buildSettings = {
				ALWAYS_SEARCH_USER_PATHS = NO;
				CLANG_ANALYZER_NONNULL = YES;
				CLANG_ANALYZER_NUMBER_OBJECT_CONVERSION = YES_AGGRESSIVE;
				CLANG_CXX_LANGUAGE_STANDARD = "gnu++14";
				CLANG_CXX_LIBRARY = "libc++";
				CLANG_ENABLE_MODULES = YES;
				CLANG_ENABLE_OBJC_ARC = YES;
				CLANG_ENABLE_OBJC_WEAK = YES;
				CLANG_WARN_BLOCK_CAPTURE_AUTORELEASING = YES;
				CLANG_WARN_BOOL_CONVERSION = YES;
				CLANG_WARN_COMMA = YES;
				CLANG_WARN_CONSTANT_CONVERSION = YES;
				CLANG_WARN_DEPRECATED_OBJC_IMPLEMENTATIONS = YES;
				CLANG_WARN_DIRECT_OBJC_ISA_USAGE = YES_ERROR;
				CLANG_WARN_DOCUMENTATION_COMMENTS = YES;
				CLANG_WARN_EMPTY_BODY = YES;
				CLANG_WARN_ENUM_CONVERSION = YES;
				CLANG_WARN_INFINITE_RECURSION = YES;
				CLANG_WARN_INT_CONVERSION = YES;
				CLANG_WARN_NON_LITERAL_NULL_CONVERSION = YES;
				CLANG_WARN_OBJC_IMPLICIT_RETAIN_SELF = YES;
				CLANG_WARN_OBJC_LITERAL_CONVERSION = YES;
				CLANG_WARN_OBJC_ROOT_CLASS = YES_ERROR;
				CLANG_WARN_QUOTED_INCLUDE_IN_FRAMEWORK_HEADER = YES;
				CLANG_WARN_RANGE_LOOP_ANALYSIS = YES;
				CLANG_WARN_STRICT_PROTOTYPES = YES;
				CLANG_WARN_SUSPICIOUS_MOVE = YES;
				CLANG_WARN_UNGUARDED_AVAILABILITY = YES_AGGRESSIVE;
				CLANG_WARN_UNREACHABLE_CODE = YES;
				CLANG_WARN__DUPLICATE_METHOD_MATCH = YES;
				COPY_PHASE_STRIP = NO;
				DEBUG_INFORMATION_FORMAT = dwarf;
				ENABLE_STRICT_OBJC_MSGSEND = YES;
				ENABLE_TESTABILITY = YES;
				GCC_C_LANGUAGE_STANDARD = gnu11;
				GCC_DYNAMIC_NO_PIC = NO;
				GCC_NO_COMMON_BLOCKS = YES;
				GCC_OPTIMIZATION_LEVEL = 0;
				GCC_PREPROCESSOR_DEFINITIONS = (
					"DEBUG=1",
					"$(inherited)",
				);
				GCC_WARN_64_TO_32_BIT_CONVERSION = YES;
				GCC_WARN_ABOUT_RETURN_TYPE = YES_ERROR;
				GCC_WARN_UNDECLARED_SELECTOR = YES;
				GCC_WARN_UNINITIALIZED_AUTOS = YES_AGGRESSIVE;
				GCC_WARN_UNUSED_FUNCTION = YES;
				GCC_WARN_UNUSED_VARIABLE = YES;
				IPHONEOS_DEPLOYMENT_TARGET = 14.5;
				MTL_ENABLE_DEBUG_INFO = INCLUDE_SOURCE;
				MTL_FAST_MATH = YES;
				ONLY_ACTIVE_ARCH = YES;
				SDKROOT = iphoneos;
				SWIFT_ACTIVE_COMPILATION_CONDITIONS = DEBUG;
				SWIFT_OPTIMIZATION_LEVEL = "-Onone";
			};
			name = Debug;
		};
		7005C9CF26E69068003212A0 /* Release */ = {
			isa = XCBuildConfiguration;
			buildSettings = {
				ALWAYS_SEARCH_USER_PATHS = NO;
				CLANG_ANALYZER_NONNULL = YES;
				CLANG_ANALYZER_NUMBER_OBJECT_CONVERSION = YES_AGGRESSIVE;
				CLANG_CXX_LANGUAGE_STANDARD = "gnu++14";
				CLANG_CXX_LIBRARY = "libc++";
				CLANG_ENABLE_MODULES = YES;
				CLANG_ENABLE_OBJC_ARC = YES;
				CLANG_ENABLE_OBJC_WEAK = YES;
				CLANG_WARN_BLOCK_CAPTURE_AUTORELEASING = YES;
				CLANG_WARN_BOOL_CONVERSION = YES;
				CLANG_WARN_COMMA = YES;
				CLANG_WARN_CONSTANT_CONVERSION = YES;
				CLANG_WARN_DEPRECATED_OBJC_IMPLEMENTATIONS = YES;
				CLANG_WARN_DIRECT_OBJC_ISA_USAGE = YES_ERROR;
				CLANG_WARN_DOCUMENTATION_COMMENTS = YES;
				CLANG_WARN_EMPTY_BODY = YES;
				CLANG_WARN_ENUM_CONVERSION = YES;
				CLANG_WARN_INFINITE_RECURSION = YES;
				CLANG_WARN_INT_CONVERSION = YES;
				CLANG_WARN_NON_LITERAL_NULL_CONVERSION = YES;
				CLANG_WARN_OBJC_IMPLICIT_RETAIN_SELF = YES;
				CLANG_WARN_OBJC_LITERAL_CONVERSION = YES;
				CLANG_WARN_OBJC_ROOT_CLASS = YES_ERROR;
				CLANG_WARN_QUOTED_INCLUDE_IN_FRAMEWORK_HEADER = YES;
				CLANG_WARN_RANGE_LOOP_ANALYSIS = YES;
				CLANG_WARN_STRICT_PROTOTYPES = YES;
				CLANG_WARN_SUSPICIOUS_MOVE = YES;
				CLANG_WARN_UNGUARDED_AVAILABILITY = YES_AGGRESSIVE;
				CLANG_WARN_UNREACHABLE_CODE = YES;
				CLANG_WARN__DUPLICATE_METHOD_MATCH = YES;
				COPY_PHASE_STRIP = NO;
				DEBUG_INFORMATION_FORMAT = "dwarf-with-dsym";
				ENABLE_NS_ASSERTIONS = NO;
				ENABLE_STRICT_OBJC_MSGSEND = YES;
				GCC_C_LANGUAGE_STANDARD = gnu11;
				GCC_NO_COMMON_BLOCKS = YES;
				GCC_WARN_64_TO_32_BIT_CONVERSION = YES;
				GCC_WARN_ABOUT_RETURN_TYPE = YES_ERROR;
				GCC_WARN_UNDECLARED_SELECTOR = YES;
				GCC_WARN_UNINITIALIZED_AUTOS = YES_AGGRESSIVE;
				GCC_WARN_UNUSED_FUNCTION = YES;
				GCC_WARN_UNUSED_VARIABLE = YES;
				IPHONEOS_DEPLOYMENT_TARGET = 14.5;
				MTL_ENABLE_DEBUG_INFO = NO;
				MTL_FAST_MATH = YES;
				SDKROOT = iphoneos;
				SWIFT_COMPILATION_MODE = wholemodule;
				SWIFT_OPTIMIZATION_LEVEL = "-O";
				VALIDATE_PRODUCT = YES;
			};
			name = Release;
		};
		7005C9D126E69068003212A0 /* Debug */ = {
			isa = XCBuildConfiguration;
			buildSettings = {
				ASSETCATALOG_COMPILER_APPICON_NAME = AppIcon;
				ASSETCATALOG_COMPILER_GLOBAL_ACCENT_COLOR_NAME = AccentColor;
				CODE_SIGN_STYLE = Automatic;
				DEVELOPMENT_TEAM = FN5VW63KQX;
				INFOPLIST_FILE = OnTheMap/Info.plist;
				LD_RUNPATH_SEARCH_PATHS = (
					"$(inherited)",
					"@executable_path/Frameworks",
				);
				PRODUCT_BUNDLE_IDENTIFIER = "com.salcidoconsulting.RF-Studio.OnTheMap";
				PRODUCT_NAME = "$(TARGET_NAME)";
				SWIFT_VERSION = 5.0;
				TARGETED_DEVICE_FAMILY = "1,2";
			};
			name = Debug;
		};
		7005C9D226E69068003212A0 /* Release */ = {
			isa = XCBuildConfiguration;
			buildSettings = {
				ASSETCATALOG_COMPILER_APPICON_NAME = AppIcon;
				ASSETCATALOG_COMPILER_GLOBAL_ACCENT_COLOR_NAME = AccentColor;
				CODE_SIGN_STYLE = Automatic;
				DEVELOPMENT_TEAM = FN5VW63KQX;
				INFOPLIST_FILE = OnTheMap/Info.plist;
				LD_RUNPATH_SEARCH_PATHS = (
					"$(inherited)",
					"@executable_path/Frameworks",
				);
				PRODUCT_BUNDLE_IDENTIFIER = "com.salcidoconsulting.RF-Studio.OnTheMap";
				PRODUCT_NAME = "$(TARGET_NAME)";
				SWIFT_VERSION = 5.0;
				TARGETED_DEVICE_FAMILY = "1,2";
			};
			name = Release;
		};
/* End XCBuildConfiguration section */

/* Begin XCConfigurationList section */
		7005C9B726E69066003212A0 /* Build configuration list for PBXProject "OnTheMap" */ = {
			isa = XCConfigurationList;
			buildConfigurations = (
				7005C9CE26E69068003212A0 /* Debug */,
				7005C9CF26E69068003212A0 /* Release */,
			);
			defaultConfigurationIsVisible = 0;
			defaultConfigurationName = Release;
		};
		7005C9D026E69068003212A0 /* Build configuration list for PBXNativeTarget "OnTheMap" */ = {
			isa = XCConfigurationList;
			buildConfigurations = (
				7005C9D126E69068003212A0 /* Debug */,
				7005C9D226E69068003212A0 /* Release */,
			);
			defaultConfigurationIsVisible = 0;
			defaultConfigurationName = Release;
		};
/* End XCConfigurationList section */
	};
	rootObject = 7005C9B426E69066003212A0 /* Project object */;
}
